
Microsoft Visual Studio Solution File, Format Version 12.00
# Visual Studio 2012
Project("{FAE04EC0-301F-11D3-BF4B-00C04F79EFBC}") = "NoteManagerServer", "NoteManagerServer\NoteManagerServer.csproj", "{38D51491-25B4-4CA0-AA3E-17383ED8A84A}"
EndProject
Global
	GlobalSection(SolutionConfigurationPlatforms) = preSolution
		Debug|Any CPU = Debug|Any CPU
		Release|Any CPU = Release|Any CPU
	EndGlobalSection
	GlobalSection(ProjectConfigurationPlatforms) = postSolution
		{38D51491-25B4-4CA0-AA3E-17383ED8A84A}.Debug|Any CPU.ActiveCfg = Debug|Any CPU
		{38D51491-25B4-4CA0-AA3E-17383ED8A84A}.Debug|Any CPU.Build.0 = Debug|Any CPU
		{38D51491-25B4-4CA0-AA3E-17383ED8A84A}.Release|Any CPU.ActiveCfg = Release|Any CPU
		{38D51491-25B4-4CA0-AA3E-17383ED8A84A}.Release|Any CPU.Build.0 = Release|Any CPU
	EndGlobalSection
	GlobalSection(SolutionProperties) = preSolution
		HideSolutionNode = FALSE
	EndGlobalSection
EndGlobal
